
Microsoft Visual Studio Solution File, Format Version 12.00
# Visual Studio 15
VisualStudioVersion = 15.0.27703.2042
MinimumVisualStudioVersion = 10.0.40219.1
Project("{FAE04EC0-301F-11D3-BF4B-00C04F79EFBC}") = "Ex01", "Ex01\Ex01.csproj", "{46BEE421-844E-426A-BC66-C339DC0F1AAB}"
EndProject
Global
	GlobalSection(SolutionConfigurationPlatforms) = preSolution
		Debug|Any CPU = Debug|Any CPU
		Release|Any CPU = Release|Any CPU
	EndGlobalSection
	GlobalSection(ProjectConfigurationPlatforms) = postSolution
		{46BEE421-844E-426A-BC66-C339DC0F1AAB}.Debug|Any CPU.ActiveCfg = Debug|Any CPU
		{46BEE421-844E-426A-BC66-C339DC0F1AAB}.Debug|Any CPU.Build.0 = Debug|Any CPU
		{46BEE421-844E-426A-BC66-C339DC0F1AAB}.Release|Any CPU.ActiveCfg = Release|Any CPU
		{46BEE421-844E-426A-BC66-C339DC0F1AAB}.Release|Any CPU.Build.0 = Release|Any CPU
	EndGlobalSection
	GlobalSection(SolutionProperties) = preSolution
		HideSolutionNode = FALSE
	EndGlobalSection
	GlobalSection(ExtensibilityGlobals) = postSolution
		SolutionGuid = {46B4AB97-75BA-4D61-9739-E8CD34A18F46}
	EndGlobalSection
EndGlobal
